{
  "name": "hexo-theme-landscape",
  "version": "0.0.3",
  "lockfileVersion": 1,
  "requires": true,
  "dependencies": {
    "typeface-source-code-pro": {
      "version": "1.1.13",
      "resolved": "https://registry.npmjs.org/typeface-source-code-pro/-/typeface-source-code-pro-1.1.13.tgz",
      "integrity": "sha512-TX3c89uW9uc5SJNFWY8HBFkZqcxcNY7nJz0rw+0Pk2ZVsog/v2d04yKRsPU+jJI4wFegOvWXbOWt927i/xUdIw=="
    }
  }
}
